<?xml version="1.0" encoding="utf-8"?>
<Project ToolsVersion="4.0" xmlns="http://schemas.microsoft.com/developer/msbuild/2003">
  <ItemGroup>
    <ClCompile Include="Engine.cpp" />
    <ClCompile Include="GameStateManager.cpp" />
    <ClCompile Include="main.cpp" />
    <ClCompile Include="MenuState.cpp">
      <Filter>GameStates</Filter>
    </ClCompile>
    <ClCompile Include="WindowManager.cpp" />
    <ClCompile Include="GameState.cpp" />
    <ClCompile Include="PlayState.cpp">
      <Filter>GameStates</Filter>
    </ClCompile>
  </ItemGroup>
  <ItemGroup>
    <ClInclude Include="Engine.h" />
    <ClInclude Include="GameState.h" />
    <ClInclude Include="GameStateManager.h" />
    <ClInclude Include="MenuState.h">
      <Filter>GameStates</Filter>
    </ClInclude>
    <ClInclude Include="WindowManager.h" />
    <ClInclude Include="PlayState.h">
      <Filter>GameStates</Filter>
    </ClInclude>
  </ItemGroup>
  <ItemGroup>
    <Filter Include="GameStates">
      <UniqueIdentifier>{b2d2fca7-8cf7-4d4c-8428-619ee75e4079}</UniqueIdentifier>
    </Filter>
  </ItemGroup>
</Project>